
Microsoft Visual Studio Solution File, Format Version 12.00
# Visual Studio Version 17
VisualStudioVersion = 17.1.32210.238
MinimumVisualStudioVersion = 10.0.40219.1
Project("{FAE04EC0-301F-11D3-BF4B-00C04F79EFBC}") = "EF.Core", "EF.Core\EF.Core.csproj", "{8DEAF3F9-A868-40C9-A55D-66CC00CB142F}"
EndProject
Global
	GlobalSection(SolutionConfigurationPlatforms) = preSolution
		Debug|Any CPU = Debug|Any CPU
		Release|Any CPU = Release|Any CPU
	EndGlobalSection
	GlobalSection(ProjectConfigurationPlatforms) = postSolution
		{8DEAF3F9-A868-40C9-A55D-66CC00CB142F}.Debug|Any CPU.ActiveCfg = Debug|Any CPU
		{8DEAF3F9-A868-40C9-A55D-66CC00CB142F}.Debug|Any CPU.Build.0 = Debug|Any CPU
		{8DEAF3F9-A868-40C9-A55D-66CC00CB142F}.Release|Any CPU.ActiveCfg = Release|Any CPU
		{8DEAF3F9-A868-40C9-A55D-66CC00CB142F}.Release|Any CPU.Build.0 = Release|Any CPU
	EndGlobalSection
	GlobalSection(SolutionProperties) = preSolution
		HideSolutionNode = FALSE
	EndGlobalSection
	GlobalSection(ExtensibilityGlobals) = postSolution
		SolutionGuid = {A4D0C52E-DE17-4F5E-977D-1E788F4F8349}
	EndGlobalSection
EndGlobal
